// !$*UTF8*$!
{
	archiveVersion = 1;
	classes = {
	};
	objectVersion = 46;
	objects = {

/* Begin PBXBuildFile section */
		9D0EFD921DB012AF00303CB4 /* main.c in Sources */ = {isa = PBXBuildFile; fileRef = 9D0EFD911DB012AF00303CB4 /* main.c */; };
		9D0EFD9D1DB0188200303CB4 /* hello.cl in Sources */ = {isa = PBXBuildFile; fileRef = 9D0EFD9C1DB0188200303CB4 /* hello.cl */; };
		9D0EFDA01DB018DF00303CB4 /* OpenCL.framework in Frameworks */ = {isa = PBXBuildFile; fileRef = 9D0EFD9F1DB018DF00303CB4 /* OpenCL.framework */; };
		9D0EFDA21DB0227900303CB4 /* SDL2.framework in Frameworks */ = {isa = PBXBuildFile; fileRef = 9D0EFDA11DB0227900303CB4 /* SDL2.framework */; };
		9D43BB081DB359DA003A7C01 /* glfw.c in Sources */ = {isa = PBXBuildFile; fileRef = 9D43BB061DB359DA003A7C01 /* glfw.c */; };
		9D43BB0D1DB35AD8003A7C01 /* xxCl.c in Sources */ = {isa = PBXBuildFile; fileRef = 9D43BB0B1DB35AD8003A7C01 /* xxCl.c */; };
		9D43BB0F1DB35BD5003A7C01 /* xxCommon.c in Sources */ = {isa = PBXBuildFile; fileRef = 9D43BB0E1DB35BD5003A7C01 /* xxCommon.c */; };
		9D43BB121DB36810003A7C01 /* xxGl.c in Sources */ = {isa = PBXBuildFile; fileRef = 9D43BB101DB36810003A7C01 /* xxGl.c */; };
		9D58D89C1DB2CCD8007AEECB /* libGLEW.2.0.0.dylib in Frameworks */ = {isa = PBXBuildFile; fileRef = 9D58D89B1DB2CCD8007AEECB /* libGLEW.2.0.0.dylib */; };
		9D58D89E1DB2CE08007AEECB /* libglfw3.3.2.dylib in Frameworks */ = {isa = PBXBuildFile; fileRef = 9D58D89D1DB2CE08007AEECB /* libglfw3.3.2.dylib */; };
		9DAE23B41DB2C40D00740E93 /* OpenGL.framework in Frameworks */ = {isa = PBXBuildFile; fileRef = 9DAE23B31DB2C40D00740E93 /* OpenGL.framework */; };
/* End PBXBuildFile section */

/* Begin PBXBuildRule section */
		9D0EFD9A1DB017E200303CB4 /* PBXBuildRule */ = {
			isa = PBXBuildRule;
			compilerSpec = com.apple.compilers.proxy.script;
			filePatterns = "*.cl";
			fileType = pattern.proxy;
			isEditable = 1;
			outputFiles = (
			);
			script = "cp ";
		};
/* End PBXBuildRule section */

/* Begin PBXCopyFilesBuildPhase section */
		9D0EFD8C1DB012AE00303CB4 /* CopyFiles */ = {
			isa = PBXCopyFilesBuildPhase;
			buildActionMask = 2147483647;
			dstPath = /usr/share/man/man1/;
			dstSubfolderSpec = 0;
			files = (
			);
			runOnlyForDeploymentPostprocessing = 1;
		};
/* End PBXCopyFilesBuildPhase section */

/* Begin PBXFileReference section */
		9D0EFD8E1DB012AF00303CB4 /* opencl-xcode */ = {isa = PBXFileReference; explicitFileType = "compiled.mach-o.executable"; includeInIndex = 0; path = "opencl-xcode"; sourceTree = BUILT_PRODUCTS_DIR; };
		9D0EFD911DB012AF00303CB4 /* main.c */ = {isa = PBXFileReference; lastKnownFileType = sourcecode.c.c; path = main.c; sourceTree = "<group>"; };
		9D0EFD9C1DB0188200303CB4 /* hello.cl */ = {isa = PBXFileReference; fileEncoding = 4; lastKnownFileType = sourcecode.opencl; name = hello.cl; path = kernels/hello.cl; sourceTree = SOURCE_ROOT; };
		9D0EFD9F1DB018DF00303CB4 /* OpenCL.framework */ = {isa = PBXFileReference; lastKnownFileType = wrapper.framework; name = OpenCL.framework; path = System/Library/Frameworks/OpenCL.framework; sourceTree = SDKROOT; };
		9D0EFDA11DB0227900303CB4 /* SDL2.framework */ = {isa = PBXFileReference; lastKnownFileType = wrapper.framework; name = SDL2.framework; path = ../../../../../Library/Frameworks/SDL2.framework; sourceTree = "<group>"; };
		9D43BB061DB359DA003A7C01 /* glfw.c */ = {isa = PBXFileReference; fileEncoding = 4; lastKnownFileType = sourcecode.c.c; path = glfw.c; sourceTree = "<group>"; };
		9D43BB071DB359DA003A7C01 /* glfw.h */ = {isa = PBXFileReference; fileEncoding = 4; lastKnownFileType = sourcecode.c.h; path = glfw.h; sourceTree = "<group>"; };
		9D43BB0A1DB35A6E003A7C01 /* xxCommon.h */ = {isa = PBXFileReference; lastKnownFileType = sourcecode.c.h; path = xxCommon.h; sourceTree = "<group>"; };
		9D43BB0B1DB35AD8003A7C01 /* xxCl.c */ = {isa = PBXFileReference; fileEncoding = 4; lastKnownFileType = sourcecode.c.c; path = xxCl.c; sourceTree = "<group>"; };
		9D43BB0C1DB35AD8003A7C01 /* xxCl.h */ = {isa = PBXFileReference; fileEncoding = 4; lastKnownFileType = sourcecode.c.h; path = xxCl.h; sourceTree = "<group>"; };
		9D43BB0E1DB35BD5003A7C01 /* xxCommon.c */ = {isa = PBXFileReference; fileEncoding = 4; lastKnownFileType = sourcecode.c.c; path = xxCommon.c; sourceTree = "<group>"; };
		9D43BB101DB36810003A7C01 /* xxGl.c */ = {isa = PBXFileReference; fileEncoding = 4; lastKnownFileType = sourcecode.c.c; path = xxGl.c; sourceTree = "<group>"; };
		9D43BB111DB36810003A7C01 /* xxGl.h */ = {isa = PBXFileReference; fileEncoding = 4; lastKnownFileType = sourcecode.c.h; path = xxGl.h; sourceTree = "<group>"; };
		9D58D89B1DB2CCD8007AEECB /* libGLEW.2.0.0.dylib */ = {isa = PBXFileReference; lastKnownFileType = "compiled.mach-o.dylib"; name = libGLEW.2.0.0.dylib; path = ../../../../../usr/local/Cellar/glew/2.0.0/lib/libGLEW.2.0.0.dylib; sourceTree = "<group>"; };
		9D58D89D1DB2CE08007AEECB /* libglfw3.3.2.dylib */ = {isa = PBXFileReference; lastKnownFileType = "compiled.mach-o.dylib"; name = libglfw3.3.2.dylib; path = ../../../../../usr/local/Cellar/glfw3/3.2.1/lib/libglfw3.3.2.dylib; sourceTree = "<group>"; };
		9DAE23B31DB2C40D00740E93 /* OpenGL.framework */ = {isa = PBXFileReference; lastKnownFileType = wrapper.framework; name = OpenGL.framework; path = System/Library/Frameworks/OpenGL.framework; sourceTree = SDKROOT; };
/* End PBXFileReference section */

/* Begin PBXFrameworksBuildPhase section */
		9D0EFD8B1DB012AE00303CB4 /* Frameworks */ = {
			isa = PBXFrameworksBuildPhase;
			buildActionMask = 2147483647;
			files = (
				9D58D89E1DB2CE08007AEECB /* libglfw3.3.2.dylib in Frameworks */,
				9D58D89C1DB2CCD8007AEECB /* libGLEW.2.0.0.dylib in Frameworks */,
				9DAE23B41DB2C40D00740E93 /* OpenGL.framework in Frameworks */,
				9D0EFDA21DB0227900303CB4 /* SDL2.framework in Frameworks */,
				9D0EFDA01DB018DF00303CB4 /* OpenCL.framework in Frameworks */,
			);
			runOnlyForDeploymentPostprocessing = 0;
		};
/* End PBXFrameworksBuildPhase section */

/* Begin PBXGroup section */
		9D0EFD851DB012AE00303CB4 = {
			isa = PBXGroup;
			children = (
				9D0EFD901DB012AF00303CB4 /* opencl-xcode */,
				9D0EFD8F1DB012AF00303CB4 /* Products */,
				9D0EFD9E1DB018DE00303CB4 /* Frameworks */,
			);
			sourceTree = "<group>";
		};
		9D0EFD8F1DB012AF00303CB4 /* Products */ = {
			isa = PBXGroup;
			children = (
				9D0EFD8E1DB012AF00303CB4 /* opencl-xcode */,
			);
			name = Products;
			sourceTree = "<group>";
		};
		9D0EFD901DB012AF00303CB4 /* opencl-xcode */ = {
			isa = PBXGroup;
			children = (
				9D0EFD9B1DB0187700303CB4 /* kernels */,
				9D0EFD911DB012AF00303CB4 /* main.c */,
				9D43BB061DB359DA003A7C01 /* glfw.c */,
				9D43BB071DB359DA003A7C01 /* glfw.h */,
				9D43BB0A1DB35A6E003A7C01 /* xxCommon.h */,
				9D43BB0B1DB35AD8003A7C01 /* xxCl.c */,
				9D43BB0C1DB35AD8003A7C01 /* xxCl.h */,
				9D43BB0E1DB35BD5003A7C01 /* xxCommon.c */,
				9D43BB101DB36810003A7C01 /* xxGl.c */,
				9D43BB111DB36810003A7C01 /* xxGl.h */,
			);
			path = "opencl-xcode";
			sourceTree = "<group>";
		};
		9D0EFD9B1DB0187700303CB4 /* kernels */ = {
			isa = PBXGroup;
			children = (
				9D0EFD9C1DB0188200303CB4 /* hello.cl */,
			);
			name = kernels;
			sourceTree = "<group>";
		};
		9D0EFD9E1DB018DE00303CB4 /* Frameworks */ = {
			isa = PBXGroup;
			children = (
				9D58D89D1DB2CE08007AEECB /* libglfw3.3.2.dylib */,
				9D58D89B1DB2CCD8007AEECB /* libGLEW.2.0.0.dylib */,
				9DAE23B31DB2C40D00740E93 /* OpenGL.framework */,
				9D0EFDA11DB0227900303CB4 /* SDL2.framework */,
				9D0EFD9F1DB018DF00303CB4 /* OpenCL.framework */,
			);
			name = Frameworks;
			sourceTree = "<group>";
		};
/* End PBXGroup section */

/* Begin PBXNativeTarget section */
		9D0EFD8D1DB012AE00303CB4 /* opencl-xcode */ = {
			isa = PBXNativeTarget;
			buildConfigurationList = 9D0EFD951DB012AF00303CB4 /* Build configuration list for PBXNativeTarget "opencl-xcode" */;
			buildPhases = (
				9D0EFD8A1DB012AE00303CB4 /* Sources */,
				9D0EFD8B1DB012AE00303CB4 /* Frameworks */,
				9D0EFD8C1DB012AE00303CB4 /* CopyFiles */,
			);
			buildRules = (
				9D0EFD9A1DB017E200303CB4 /* PBXBuildRule */,
			);
			dependencies = (
			);
			name = "opencl-xcode";
			productName = "opencl-xcode";
			productReference = 9D0EFD8E1DB012AF00303CB4 /* opencl-xcode */;
			productType = "com.apple.product-type.tool";
		};
/* End PBXNativeTarget section */

/* Begin PBXProject section */
		9D0EFD861DB012AE00303CB4 /* Project object */ = {
			isa = PBXProject;
			attributes = {
				LastUpgradeCheck = 0800;
				ORGANIZATIONNAME = "Harri Hätinen";
				TargetAttributes = {
					9D0EFD8D1DB012AE00303CB4 = {
						CreatedOnToolsVersion = 8.0;
						ProvisioningStyle = Automatic;
					};
				};
			};
			buildConfigurationList = 9D0EFD891DB012AE00303CB4 /* Build configuration list for PBXProject "opencl-xcode" */;
			compatibilityVersion = "Xcode 3.2";
			developmentRegion = English;
			hasScannedForEncodings = 0;
			knownRegions = (
				en,
			);
			mainGroup = 9D0EFD851DB012AE00303CB4;
			productRefGroup = 9D0EFD8F1DB012AF00303CB4 /* Products */;
			projectDirPath = "";
			projectRoot = "";
			targets = (
				9D0EFD8D1DB012AE00303CB4 /* opencl-xcode */,
			);
		};
/* End PBXProject section */

/* Begin PBXSourcesBuildPhase section */
		9D0EFD8A1DB012AE00303CB4 /* Sources */ = {
			isa = PBXSourcesBuildPhase;
			buildActionMask = 2147483647;
			files = (
				9D43BB121DB36810003A7C01 /* xxGl.c in Sources */,
				9D43BB081DB359DA003A7C01 /* glfw.c in Sources */,
				9D0EFD9D1DB0188200303CB4 /* hello.cl in Sources */,
				9D43BB0D1DB35AD8003A7C01 /* xxCl.c in Sources */,
				9D0EFD921DB012AF00303CB4 /* main.c in Sources */,
				9D43BB0F1DB35BD5003A7C01 /* xxCommon.c in Sources */,
			);
			runOnlyForDeploymentPostprocessing = 0;
		};
/* End PBXSourcesBuildPhase section */

/* Begin XCBuildConfiguration section */
		9D0EFD931DB012AF00303CB4 /* Debug */ = {
			isa = XCBuildConfiguration;
			buildSettings = {
				ALWAYS_SEARCH_USER_PATHS = NO;
				CLANG_ANALYZER_NONNULL = YES;
				CLANG_CXX_LANGUAGE_STANDARD = "gnu++0x";
				CLANG_CXX_LIBRARY = "libc++";
				CLANG_ENABLE_MODULES = YES;
				CLANG_ENABLE_OBJC_ARC = YES;
				CLANG_WARN_BOOL_CONVERSION = YES;
				CLANG_WARN_CONSTANT_CONVERSION = YES;
				CLANG_WARN_DIRECT_OBJC_ISA_USAGE = YES_ERROR;
				CLANG_WARN_DOCUMENTATION_COMMENTS = YES;
				CLANG_WARN_EMPTY_BODY = YES;
				CLANG_WARN_ENUM_CONVERSION = YES;
				CLANG_WARN_INFINITE_RECURSION = YES;
				CLANG_WARN_INT_CONVERSION = YES;
				CLANG_WARN_OBJC_ROOT_CLASS = YES_ERROR;
				CLANG_WARN_SUSPICIOUS_MOVES = YES;
				CLANG_WARN_UNREACHABLE_CODE = YES;
				CLANG_WARN__DUPLICATE_METHOD_MATCH = YES;
				CODE_SIGN_IDENTITY = "-";
				COPY_PHASE_STRIP = NO;
				DEBUG_INFORMATION_FORMAT = dwarf;
				ENABLE_STRICT_OBJC_MSGSEND = YES;
				ENABLE_TESTABILITY = YES;
				GCC_C_LANGUAGE_STANDARD = gnu99;
				GCC_DYNAMIC_NO_PIC = NO;
				GCC_NO_COMMON_BLOCKS = YES;
				GCC_OPTIMIZATION_LEVEL = 0;
				GCC_PREPROCESSOR_DEFINITIONS = (
					"DEBUG=1",
					"$(inherited)",
				);
				GCC_WARN_64_TO_32_BIT_CONVERSION = YES;
				GCC_WARN_ABOUT_RETURN_TYPE = YES_ERROR;
				GCC_WARN_UNDECLARED_SELECTOR = YES;
				GCC_WARN_UNINITIALIZED_AUTOS = YES_AGGRESSIVE;
				GCC_WARN_UNUSED_FUNCTION = YES;
				GCC_WARN_UNUSED_VARIABLE = YES;
				MACOSX_DEPLOYMENT_TARGET = 10.12;
				MTL_ENABLE_DEBUG_INFO = YES;
				ONLY_ACTIVE_ARCH = YES;
				SDKROOT = macosx;
			};
			name = Debug;
		};
		9D0EFD941DB012AF00303CB4 /* Release */ = {
			isa = XCBuildConfiguration;
			buildSettings = {
				ALWAYS_SEARCH_USER_PATHS = NO;
				CLANG_ANALYZER_NONNULL = YES;
				CLANG_CXX_LANGUAGE_STANDARD = "gnu++0x";
				CLANG_CXX_LIBRARY = "libc++";
				CLANG_ENABLE_MODULES = YES;
				CLANG_ENABLE_OBJC_ARC = YES;
				CLANG_WARN_BOOL_CONVERSION = YES;
				CLANG_WARN_CONSTANT_CONVERSION = YES;
				CLANG_WARN_DIRECT_OBJC_ISA_USAGE = YES_ERROR;
				CLANG_WARN_DOCUMENTATION_COMMENTS = YES;
				CLANG_WARN_EMPTY_BODY = YES;
				CLANG_WARN_ENUM_CONVERSION = YES;
				CLANG_WARN_INFINITE_RECURSION = YES;
				CLANG_WARN_INT_CONVERSION = YES;
				CLANG_WARN_OBJC_ROOT_CLASS = YES_ERROR;
				CLANG_WARN_SUSPICIOUS_MOVES = YES;
				CLANG_WARN_UNREACHABLE_CODE = YES;
				CLANG_WARN__DUPLICATE_METHOD_MATCH = YES;
				CODE_SIGN_IDENTITY = "-";
				COPY_PHASE_STRIP = NO;
				DEBUG_INFORMATION_FORMAT = "dwarf-with-dsym";
				ENABLE_NS_ASSERTIONS = NO;
				ENABLE_STRICT_OBJC_MSGSEND = YES;
				GCC_C_LANGUAGE_STANDARD = gnu99;
				GCC_NO_COMMON_BLOCKS = YES;
				GCC_WARN_64_TO_32_BIT_CONVERSION = YES;
				GCC_WARN_ABOUT_RETURN_TYPE = YES_ERROR;
				GCC_WARN_UNDECLARED_SELECTOR = YES;
				GCC_WARN_UNINITIALIZED_AUTOS = YES_AGGRESSIVE;
				GCC_WARN_UNUSED_FUNCTION = YES;
				GCC_WARN_UNUSED_VARIABLE = YES;
				MACOSX_DEPLOYMENT_TARGET = 10.12;
				MTL_ENABLE_DEBUG_INFO = NO;
				SDKROOT = macosx;
			};
			name = Release;
		};
		9D0EFD961DB012AF00303CB4 /* Debug */ = {
			isa = XCBuildConfiguration;
			buildSettings = {
				CLANG_ENABLE_MODULES = NO;
				FRAMEWORK_SEARCH_PATHS = (
					"$(inherited)",
					"$(LOCAL_LIBRARY_DIR)/Frameworks",
				);
				HEADER_SEARCH_PATHS = /usr/local/include;
				LIBRARY_SEARCH_PATHS = (
					"$(inherited)",
					/usr/local/Cellar/glew/2.0.0/lib,
					/usr/local/Cellar/glfw3/3.2.1/lib,
				);
				PRODUCT_NAME = "$(TARGET_NAME)";
			};
			name = Debug;
		};
		9D0EFD971DB012AF00303CB4 /* Release */ = {
			isa = XCBuildConfiguration;
			buildSettings = {
				CLANG_ENABLE_MODULES = NO;
				FRAMEWORK_SEARCH_PATHS = (
					"$(inherited)",
					"$(LOCAL_LIBRARY_DIR)/Frameworks",
				);
				HEADER_SEARCH_PATHS = /usr/local/include;
				LIBRARY_SEARCH_PATHS = (
					"$(inherited)",
					/usr/local/Cellar/glew/2.0.0/lib,
					/usr/local/Cellar/glfw3/3.2.1/lib,
				);
				PRODUCT_NAME = "$(TARGET_NAME)";
			};
			name = Release;
		};
/* End XCBuildConfiguration section */

/* Begin XCConfigurationList section */
		9D0EFD891DB012AE00303CB4 /* Build configuration list for PBXProject "opencl-xcode" */ = {
			isa = XCConfigurationList;
			buildConfigurations = (
				9D0EFD931DB012AF00303CB4 /* Debug */,
				9D0EFD941DB012AF00303CB4 /* Release */,
			);
			defaultConfigurationIsVisible = 0;
			defaultConfigurationName = Release;
		};
		9D0EFD951DB012AF00303CB4 /* Build configuration list for PBXNativeTarget "opencl-xcode" */ = {
			isa = XCConfigurationList;
			buildConfigurations = (
				9D0EFD961DB012AF00303CB4 /* Debug */,
				9D0EFD971DB012AF00303CB4 /* Release */,
			);
			defaultConfigurationIsVisible = 0;
			defaultConfigurationName = Release;
		};
/* End XCConfigurationList section */
	};
	rootObject = 9D0EFD861DB012AE00303CB4 /* Project object */;
}
